PODS:
  - TBTopPagesController (0.1.0)

DEPENDENCIES:
  - TBTopPagesController (from `../`)

EXTERNAL SOURCES:
  TBTopPagesController:
    :path: "../"

SPEC CHECKSUMS:
  TBTopPagesController: ad3ff04efbef8013f37112cc4302112bc8c2abd6

PODFILE CHECKSUM: 79baca6588aa729b1d987891385ce464f4a970fc

COCOAPODS: 1.5.3
